
Microsoft Visual Studio Solution File, Format Version 12.00
# Visual Studio Version 17
VisualStudioVersion = 17.11.35327.3
MinimumVisualStudioVersion = 10.0.40219.1
Project("{FAE04EC0-301F-11D3-BF4B-00C04F79EFBC}") = "luoyq", "luoyq\luoyq.csproj", "{A07888DA-6030-4987-A323-2BC57775C06C}"
EndProject
Global
	GlobalSection(SolutionConfigurationPlatforms) = preSolution
		Debug|Any CPU = Debug|Any CPU
		Release|Any CPU = Release|Any CPU
	EndGlobalSection
	GlobalSection(ProjectConfigurationPlatforms) = postSolution
		{A07888DA-6030-4987-A323-2BC57775C06C}.Debug|Any CPU.ActiveCfg = Debug|Any CPU
		{A07888DA-6030-4987-A323-2BC57775C06C}.Debug|Any CPU.Build.0 = Debug|Any CPU
		{A07888DA-6030-4987-A323-2BC57775C06C}.Release|Any CPU.ActiveCfg = Release|Any CPU
		{A07888DA-6030-4987-A323-2BC57775C06C}.Release|Any CPU.Build.0 = Release|Any CPU
	EndGlobalSection
	GlobalSection(SolutionProperties) = preSolution
		HideSolutionNode = FALSE
	EndGlobalSection
	GlobalSection(ExtensibilityGlobals) = postSolution
		SolutionGuid = {CDD6DF9A-0891-4CEC-858B-5D7D76B0084C}
	EndGlobalSection
EndGlobal
